
Microsoft Visual Studio Solution File, Format Version 12.00
# Visual Studio Version 16
VisualStudioVersion = 16.0.810.24
MinimumVisualStudioVersion = 10.0.40219.1
Project("{FAE04EC0-301F-11D3-BF4B-00C04F79EFBC}") = "Neural-network", "Neural-network\Neural-network.csproj", "{4DB26552-91E8-47EA-BAB8-3A32B63B1107}"
EndProject
Project("{FAE04EC0-301F-11D3-BF4B-00C04F79EFBC}") = "Test", "Test\Test.csproj", "{7DD44F4C-A917-4231-8024-057B9CB52D2A}"
EndProject
Global
	GlobalSection(SolutionConfigurationPlatforms) = preSolution
		Debug|Any CPU = Debug|Any CPU
		Release|Any CPU = Release|Any CPU
	EndGlobalSection
	GlobalSection(ProjectConfigurationPlatforms) = postSolution
		{4DB26552-91E8-47EA-BAB8-3A32B63B1107}.Debug|Any CPU.ActiveCfg = Debug|Any CPU
		{4DB26552-91E8-47EA-BAB8-3A32B63B1107}.Debug|Any CPU.Build.0 = Debug|Any CPU
		{4DB26552-91E8-47EA-BAB8-3A32B63B1107}.Release|Any CPU.ActiveCfg = Release|Any CPU
		{4DB26552-91E8-47EA-BAB8-3A32B63B1107}.Release|Any CPU.Build.0 = Release|Any CPU
		{7DD44F4C-A917-4231-8024-057B9CB52D2A}.Debug|Any CPU.ActiveCfg = Debug|Any CPU
		{7DD44F4C-A917-4231-8024-057B9CB52D2A}.Debug|Any CPU.Build.0 = Debug|Any CPU
		{7DD44F4C-A917-4231-8024-057B9CB52D2A}.Release|Any CPU.ActiveCfg = Release|Any CPU
		{7DD44F4C-A917-4231-8024-057B9CB52D2A}.Release|Any CPU.Build.0 = Release|Any CPU
	EndGlobalSection
	GlobalSection(SolutionProperties) = preSolution
		HideSolutionNode = FALSE
	EndGlobalSection
	GlobalSection(ExtensibilityGlobals) = postSolution
		SolutionGuid = {966BA1D8-2D95-439E-974E-1340DDC0F9CD}
	EndGlobalSection
EndGlobal
